
Microsoft Visual Studio Solution File, Format Version 12.00
# Visual Studio Version 16
VisualStudioVersion = 16.0.31321.278
MinimumVisualStudioVersion = 10.0.40219.1
Project("{9A19103F-16F7-4668-BE54-9A1E7A4F7556}") = "Practica22", "Practica22\Practica22.csproj", "{9C97197A-FBC6-4F15-A8F4-7CEA11AB2CE2}"
EndProject
Global
	GlobalSection(SolutionConfigurationPlatforms) = preSolution
		Debug|Any CPU = Debug|Any CPU
		Release|Any CPU = Release|Any CPU
	EndGlobalSection
	GlobalSection(ProjectConfigurationPlatforms) = postSolution
		{9C97197A-FBC6-4F15-A8F4-7CEA11AB2CE2}.Debug|Any CPU.ActiveCfg = Debug|Any CPU
		{9C97197A-FBC6-4F15-A8F4-7CEA11AB2CE2}.Debug|Any CPU.Build.0 = Debug|Any CPU
		{9C97197A-FBC6-4F15-A8F4-7CEA11AB2CE2}.Release|Any CPU.ActiveCfg = Release|Any CPU
		{9C97197A-FBC6-4F15-A8F4-7CEA11AB2CE2}.Release|Any CPU.Build.0 = Release|Any CPU
	EndGlobalSection
	GlobalSection(SolutionProperties) = preSolution
		HideSolutionNode = FALSE
	EndGlobalSection
	GlobalSection(ExtensibilityGlobals) = postSolution
		SolutionGuid = {B3FB7B28-6CBC-4965-9224-F19FAC3A4EFD}
	EndGlobalSection
EndGlobal
